
Microsoft Visual Studio Solution File, Format Version 12.00
# Visual Studio Version 17
VisualStudioVersion = 17.14.37027.9 d17.14
MinimumVisualStudioVersion = 10.0.40219.1
Project("{FAE04EC0-301F-11D3-BF4B-00C04F79EFBC}") = "Astras PSA Mod", "Astras PSA Mod\Astras PSA Mod.csproj", "{3DF2DA19-58F7-F55F-68E5-C6C1F3E78431}"
EndProject
Global
	GlobalSection(SolutionConfigurationPlatforms) = preSolution
		Debug|Any CPU = Debug|Any CPU
		Release|Any CPU = Release|Any CPU
	EndGlobalSection
	GlobalSection(ProjectConfigurationPlatforms) = postSolution
		{3DF2DA19-58F7-F55F-68E5-C6C1F3E78431}.Debug|Any CPU.ActiveCfg = Debug|Any CPU
		{3DF2DA19-58F7-F55F-68E5-C6C1F3E78431}.Debug|Any CPU.Build.0 = Debug|Any CPU
		{3DF2DA19-58F7-F55F-68E5-C6C1F3E78431}.Release|Any CPU.ActiveCfg = Release|Any CPU
		{3DF2DA19-58F7-F55F-68E5-C6C1F3E78431}.Release|Any CPU.Build.0 = Release|Any CPU
	EndGlobalSection
	GlobalSection(SolutionProperties) = preSolution
		HideSolutionNode = FALSE
	EndGlobalSection
	GlobalSection(ExtensibilityGlobals) = postSolution
		SolutionGuid = {C879ECD0-6134-4838-8A43-BC94CCFFFEFA}
	EndGlobalSection
EndGlobal
